
Microsoft Visual Studio Solution File, Format Version 12.00
Project("{FAE04EC0-301F-11D3-BF4B-00C04F79EFBC}") = "PetroineosChallenge.WorkerService", "PetroineosChallenge.WorkerService\PetroineosChallenge.WorkerService.csproj", "{F5CAF8E8-B5F3-48EF-85ED-A8D6E4445FA5}"
EndProject
Project("{FAE04EC0-301F-11D3-BF4B-00C04F79EFBC}") = "PetroineosChallenge.Core", "PetroineosChallenge.Core\PetroineosChallenge.Core.csproj", "{4B284BBD-FCD1-4B0A-8711-F53F19F6971D}"
EndProject
Project("{2150E333-8FDC-42A3-9474-1A3956D46DE8}") = "Libs", "Libs", "{5E7BDDFA-99EB-46C9-A524-F7C370433532}"
	ProjectSection(SolutionItems) = preProject
		Libs\PowerService.dll = Libs\PowerService.dll
	EndProjectSection
EndProject
Project("{FAE04EC0-301F-11D3-BF4B-00C04F79EFBC}") = "PetroineosChallenge.Tests", "PetroineosChallenge.Tests\PetroineosChallenge.Tests.csproj", "{2B4490AF-BA62-4366-8954-1515E6DEB222}"
EndProject
Global
	GlobalSection(SolutionConfigurationPlatforms) = preSolution
		Debug|Any CPU = Debug|Any CPU
		Release|Any CPU = Release|Any CPU
	EndGlobalSection
	GlobalSection(ProjectConfigurationPlatforms) = postSolution
		{F5CAF8E8-B5F3-48EF-85ED-A8D6E4445FA5}.Debug|Any CPU.ActiveCfg = Debug|Any CPU
		{F5CAF8E8-B5F3-48EF-85ED-A8D6E4445FA5}.Debug|Any CPU.Build.0 = Debug|Any CPU
		{F5CAF8E8-B5F3-48EF-85ED-A8D6E4445FA5}.Release|Any CPU.ActiveCfg = Release|Any CPU
		{F5CAF8E8-B5F3-48EF-85ED-A8D6E4445FA5}.Release|Any CPU.Build.0 = Release|Any CPU
		{4B284BBD-FCD1-4B0A-8711-F53F19F6971D}.Debug|Any CPU.ActiveCfg = Debug|Any CPU
		{4B284BBD-FCD1-4B0A-8711-F53F19F6971D}.Debug|Any CPU.Build.0 = Debug|Any CPU
		{4B284BBD-FCD1-4B0A-8711-F53F19F6971D}.Release|Any CPU.ActiveCfg = Release|Any CPU
		{4B284BBD-FCD1-4B0A-8711-F53F19F6971D}.Release|Any CPU.Build.0 = Release|Any CPU
		{2B4490AF-BA62-4366-8954-1515E6DEB222}.Debug|Any CPU.ActiveCfg = Debug|Any CPU
		{2B4490AF-BA62-4366-8954-1515E6DEB222}.Debug|Any CPU.Build.0 = Debug|Any CPU
		{2B4490AF-BA62-4366-8954-1515E6DEB222}.Release|Any CPU.ActiveCfg = Release|Any CPU
		{2B4490AF-BA62-4366-8954-1515E6DEB222}.Release|Any CPU.Build.0 = Release|Any CPU
	EndGlobalSection
EndGlobal
